
Microsoft Visual Studio Solution File, Format Version 12.00
# Visual Studio Version 17
VisualStudioVersion = 17.8.34330.188
MinimumVisualStudioVersion = 10.0.40219.1
Project("{8BC9CEB8-8B4A-11D0-8D11-00A0C91BC942}") = "02.02.2024", "02.02.2024\02.02.2024.vcxproj", "{D616C170-B817-4AE1-A22B-A986048106EA}"
EndProject
Global
	GlobalSection(SolutionConfigurationPlatforms) = preSolution
		Debug|x64 = Debug|x64
		Debug|x86 = Debug|x86
		Release|x64 = Release|x64
		Release|x86 = Release|x86
	EndGlobalSection
	GlobalSection(ProjectConfigurationPlatforms) = postSolution
		{D616C170-B817-4AE1-A22B-A986048106EA}.Debug|x64.ActiveCfg = Debug|x64
		{D616C170-B817-4AE1-A22B-A986048106EA}.Debug|x64.Build.0 = Debug|x64
		{D616C170-B817-4AE1-A22B-A986048106EA}.Debug|x86.ActiveCfg = Debug|Win32
		{D616C170-B817-4AE1-A22B-A986048106EA}.Debug|x86.Build.0 = Debug|Win32
		{D616C170-B817-4AE1-A22B-A986048106EA}.Release|x64.ActiveCfg = Release|x64
		{D616C170-B817-4AE1-A22B-A986048106EA}.Release|x64.Build.0 = Release|x64
		{D616C170-B817-4AE1-A22B-A986048106EA}.Release|x86.ActiveCfg = Release|Win32
		{D616C170-B817-4AE1-A22B-A986048106EA}.Release|x86.Build.0 = Release|Win32
	EndGlobalSection
	GlobalSection(SolutionProperties) = preSolution
		HideSolutionNode = FALSE
	EndGlobalSection
	GlobalSection(ExtensibilityGlobals) = postSolution
		SolutionGuid = {D8E0D8DA-5F9C-4A33-AC0D-A51CF769E447}
	EndGlobalSection
EndGlobal
